
Microsoft Visual Studio Solution File, Format Version 12.00
# Visual Studio Version 16
VisualStudioVersion = 16.0.30406.217
MinimumVisualStudioVersion = 10.0.40219.1
Project("{FAE04EC0-301F-11D3-BF4B-00C04F79EFBC}") = "AnjuAssessmentApp.UWP", "AnjuAssessmentApp\AnjuAssessmentApp.UWP\AnjuAssessmentApp.UWP.csproj", "{045708A9-1484-45D2-84DC-FF13F6D3363C}"
EndProject
Project("{FAE04EC0-301F-11D3-BF4B-00C04F79EFBC}") = "AnjuAssessmentApp.Android", "AnjuAssessmentApp\AnjuAssessmentApp.Android\AnjuAssessmentApp.Android.csproj", "{6C0CB414-C96B-4EBE-907A-EDFF5BA43F57}"
EndProject
Project("{FAE04EC0-301F-11D3-BF4B-00C04F79EFBC}") = "AnjuAssessmentApp.iOS", "AnjuAssessmentApp\AnjuAssessmentApp.iOS\AnjuAssessmentApp.iOS.csproj", "{9A479A9E-3F01-45E8-A284-7B13E433580F}"
EndProject
Project("{FAE04EC0-301F-11D3-BF4B-00C04F79EFBC}") = "AnjuAssessmentApp", "AnjuAssessmentApp\AnjuAssessmentApp\AnjuAssessmentApp.csproj", "{2F499FB2-6A37-42B4-8822-F087CEB0DEDE}"
EndProject
Global
	GlobalSection(SolutionConfigurationPlatforms) = preSolution
		Debug|Any CPU = Debug|Any CPU
		Debug|ARM = Debug|ARM
		Debug|iPhone = Debug|iPhone
		Debug|iPhoneSimulator = Debug|iPhoneSimulator
		Debug|x64 = Debug|x64
		Debug|x86 = Debug|x86
		Release|Any CPU = Release|Any CPU
		Release|ARM = Release|ARM
		Release|iPhone = Release|iPhone
		Release|iPhoneSimulator = Release|iPhoneSimulator
		Release|x64 = Release|x64
		Release|x86 = Release|x86
	EndGlobalSection
	GlobalSection(ProjectConfigurationPlatforms) = postSolution
		{045708A9-1484-45D2-84DC-FF13F6D3363C}.Debug|Any CPU.ActiveCfg = Debug|x86
		{045708A9-1484-45D2-84DC-FF13F6D3363C}.Debug|Any CPU.Build.0 = Debug|x86
		{045708A9-1484-45D2-84DC-FF13F6D3363C}.Debug|Any CPU.Deploy.0 = Debug|x86
		{045708A9-1484-45D2-84DC-FF13F6D3363C}.Debug|ARM.ActiveCfg = Debug|ARM
		{045708A9-1484-45D2-84DC-FF13F6D3363C}.Debug|ARM.Build.0 = Debug|ARM
		{045708A9-1484-45D2-84DC-FF13F6D3363C}.Debug|ARM.Deploy.0 = Debug|ARM
		{045708A9-1484-45D2-84DC-FF13F6D3363C}.Debug|iPhone.ActiveCfg = Debug|x86
		{045708A9-1484-45D2-84DC-FF13F6D3363C}.Debug|iPhone.Build.0 = Debug|x86
		{045708A9-1484-45D2-84DC-FF13F6D3363C}.Debug|iPhone.Deploy.0 = Debug|x86
		{045708A9-1484-45D2-84DC-FF13F6D3363C}.Debug|iPhoneSimulator.ActiveCfg = Debug|x86
		{045708A9-1484-45D2-84DC-FF13F6D3363C}.Debug|iPhoneSimulator.Build.0 = Debug|x86
		{045708A9-1484-45D2-84DC-FF13F6D3363C}.Debug|iPhoneSimulator.Deploy.0 = Debug|x86
		{045708A9-1484-45D2-84DC-FF13F6D3363C}.Debug|x64.ActiveCfg = Debug|x64
		{045708A9-1484-45D2-84DC-FF13F6D3363C}.Debug|x64.Build.0 = Debug|x64
		{045708A9-1484-45D2-84DC-FF13F6D3363C}.Debug|x64.Deploy.0 = Debug|x64
		{045708A9-1484-45D2-84DC-FF13F6D3363C}.Debug|x86.ActiveCfg = Debug|x86
		{045708A9-1484-45D2-84DC-FF13F6D3363C}.Debug|x86.Build.0 = Debug|x86
		{045708A9-1484-45D2-84DC-FF13F6D3363C}.Debug|x86.Deploy.0 = Debug|x86
		{045708A9-1484-45D2-84DC-FF13F6D3363C}.Release|Any CPU.ActiveCfg = Release|x86
		{045708A9-1484-45D2-84DC-FF13F6D3363C}.Release|Any CPU.Build.0 = Release|x86
		{045708A9-1484-45D2-84DC-FF13F6D3363C}.Release|Any CPU.Deploy.0 = Release|x86
		{045708A9-1484-45D2-84DC-FF13F6D3363C}.Release|ARM.ActiveCfg = Release|ARM
		{045708A9-1484-45D2-84DC-FF13F6D3363C}.Release|ARM.Build.0 = Release|ARM
		{045708A9-1484-45D2-84DC-FF13F6D3363C}.Release|ARM.Deploy.0 = Release|ARM
		{045708A9-1484-45D2-84DC-FF13F6D3363C}.Release|iPhone.ActiveCfg = Release|x86
		{045708A9-1484-45D2-84DC-FF13F6D3363C}.Release|iPhone.Build.0 = Release|x86
		{045708A9-1484-45D2-84DC-FF13F6D3363C}.Release|iPhone.Deploy.0 = Release|x86
		{045708A9-1484-45D2-84DC-FF13F6D3363C}.Release|iPhoneSimulator.ActiveCfg = Release|x86
		{045708A9-1484-45D2-84DC-FF13F6D3363C}.Release|iPhoneSimulator.Build.0 = Release|x86
		{045708A9-1484-45D2-84DC-FF13F6D3363C}.Release|iPhoneSimulator.Deploy.0 = Release|x86
		{045708A9-1484-45D2-84DC-FF13F6D3363C}.Release|x64.ActiveCfg = Release|x64
		{045708A9-1484-45D2-84DC-FF13F6D3363C}.Release|x64.Build.0 = Release|x64
		{045708A9-1484-45D2-84DC-FF13F6D3363C}.Release|x64.Deploy.0 = Release|x64
		{045708A9-1484-45D2-84DC-FF13F6D3363C}.Release|x86.ActiveCfg = Release|x86
		{045708A9-1484-45D2-84DC-FF13F6D3363C}.Release|x86.Build.0 = Release|x86
		{045708A9-1484-45D2-84DC-FF13F6D3363C}.Release|x86.Deploy.0 = Release|x86
		{6C0CB414-C96B-4EBE-907A-EDFF5BA43F57}.Debug|Any CPU.ActiveCfg = Debug|Any CPU
		{6C0CB414-C96B-4EBE-907A-EDFF5BA43F57}.Debug|Any CPU.Build.0 = Debug|Any CPU
		{6C0CB414-C96B-4EBE-907A-EDFF5BA43F57}.Debug|Any CPU.Deploy.0 = Debug|Any CPU
		{6C0CB414-C96B-4EBE-907A-EDFF5BA43F57}.Debug|ARM.ActiveCfg = Debug|Any CPU
		{6C0CB414-C96B-4EBE-907A-EDFF5BA43F57}.Debug|ARM.Build.0 = Debug|Any CPU
		{6C0CB414-C96B-4EBE-907A-EDFF5BA43F57}.Debug|ARM.Deploy.0 = Debug|Any CPU
		{6C0CB414-C96B-4EBE-907A-EDFF5BA43F57}.Debug|iPhone.ActiveCfg = Debug|Any CPU
		{6C0CB414-C96B-4EBE-907A-EDFF5BA43F57}.Debug|iPhone.Build.0 = Debug|Any CPU
		{6C0CB414-C96B-4EBE-907A-EDFF5BA43F57}.Debug|iPhone.Deploy.0 = Debug|Any CPU
		{6C0CB414-C96B-4EBE-907A-EDFF5BA43F57}.Debug|iPhoneSimulator.ActiveCfg = Debug|Any CPU
		{6C0CB414-C96B-4EBE-907A-EDFF5BA43F57}.Debug|iPhoneSimulator.Build.0 = Debug|Any CPU
		{6C0CB414-C96B-4EBE-907A-EDFF5BA43F57}.Debug|iPhoneSimulator.Deploy.0 = Debug|Any CPU
		{6C0CB414-C96B-4EBE-907A-EDFF5BA43F57}.Debug|x64.ActiveCfg = Debug|Any CPU
		{6C0CB414-C96B-4EBE-907A-EDFF5BA43F57}.Debug|x64.Build.0 = Debug|Any CPU
		{6C0CB414-C96B-4EBE-907A-EDFF5BA43F57}.Debug|x64.Deploy.0 = Debug|Any CPU
		{6C0CB414-C96B-4EBE-907A-EDFF5BA43F57}.Debug|x86.ActiveCfg = Debug|Any CPU
		{6C0CB414-C96B-4EBE-907A-EDFF5BA43F57}.Debug|x86.Build.0 = Debug|Any CPU
		{6C0CB414-C96B-4EBE-907A-EDFF5BA43F57}.Debug|x86.Deploy.0 = Debug|Any CPU
		{6C0CB414-C96B-4EBE-907A-EDFF5BA43F57}.Release|Any CPU.ActiveCfg = Release|Any CPU
		{6C0CB414-C96B-4EBE-907A-EDFF5BA43F57}.Release|Any CPU.Build.0 = Release|Any CPU
		{6C0CB414-C96B-4EBE-907A-EDFF5BA43F57}.Release|Any CPU.Deploy.0 = Release|Any CPU
		{6C0CB414-C96B-4EBE-907A-EDFF5BA43F57}.Release|ARM.ActiveCfg = Release|Any CPU
		{6C0CB414-C96B-4EBE-907A-EDFF5BA43F57}.Release|ARM.Build.0 = Release|Any CPU
		{6C0CB414-C96B-4EBE-907A-EDFF5BA43F57}.Release|ARM.Deploy.0 = Release|Any CPU
		{6C0CB414-C96B-4EBE-907A-EDFF5BA43F57}.Release|iPhone.ActiveCfg = Release|Any CPU
		{6C0CB414-C96B-4EBE-907A-EDFF5BA43F57}.Release|iPhone.Build.0 = Release|Any CPU
		{6C0CB414-C96B-4EBE-907A-EDFF5BA43F57}.Release|iPhone.Deploy.0 = Release|Any CPU
		{6C0CB414-C96B-4EBE-907A-EDFF5BA43F57}.Release|iPhoneSimulator.ActiveCfg = Release|Any CPU
		{6C0CB414-C96B-4EBE-907A-EDFF5BA43F57}.Release|iPhoneSimulator.Build.0 = Release|Any CPU
		{6C0CB414-C96B-4EBE-907A-EDFF5BA43F57}.Release|iPhoneSimulator.Deploy.0 = Release|Any CPU
		{6C0CB414-C96B-4EBE-907A-EDFF5BA43F57}.Release|x64.ActiveCfg = Release|Any CPU
		{6C0CB414-C96B-4EBE-907A-EDFF5BA43F57}.Release|x64.Build.0 = Release|Any CPU
		{6C0CB414-C96B-4EBE-907A-EDFF5BA43F57}.Release|x64.Deploy.0 = Release|Any CPU
		{6C0CB414-C96B-4EBE-907A-EDFF5BA43F57}.Release|x86.ActiveCfg = Release|Any CPU
		{6C0CB414-C96B-4EBE-907A-EDFF5BA43F57}.Release|x86.Build.0 = Release|Any CPU
		{6C0CB414-C96B-4EBE-907A-EDFF5BA43F57}.Release|x86.Deploy.0 = Release|Any CPU
		{9A479A9E-3F01-45E8-A284-7B13E433580F}.Debug|Any CPU.ActiveCfg = Debug|iPhone
		{9A479A9E-3F01-45E8-A284-7B13E433580F}.Debug|Any CPU.Build.0 = Debug|iPhone
		{9A479A9E-3F01-45E8-A284-7B13E433580F}.Debug|Any CPU.Deploy.0 = Debug|iPhone
		{9A479A9E-3F01-45E8-A284-7B13E433580F}.Debug|ARM.ActiveCfg = Debug|iPhone
		{9A479A9E-3F01-45E8-A284-7B13E433580F}.Debug|ARM.Build.0 = Debug|iPhone
		{9A479A9E-3F01-45E8-A284-7B13E433580F}.Debug|ARM.Deploy.0 = Debug|iPhone
		{9A479A9E-3F01-45E8-A284-7B13E433580F}.Debug|iPhone.ActiveCfg = Debug|iPhone
		{9A479A9E-3F01-45E8-A284-7B13E433580F}.Debug|iPhone.Build.0 = Debug|iPhone
		{9A479A9E-3F01-45E8-A284-7B13E433580F}.Debug|iPhone.Deploy.0 = Debug|iPhone
		{9A479A9E-3F01-45E8-A284-7B13E433580F}.Debug|iPhoneSimulator.ActiveCfg = Debug|iPhoneSimulator
		{9A479A9E-3F01-45E8-A284-7B13E433580F}.Debug|iPhoneSimulator.Build.0 = Debug|iPhoneSimulator
		{9A479A9E-3F01-45E8-A284-7B13E433580F}.Debug|iPhoneSimulator.Deploy.0 = Debug|iPhoneSimulator
		{9A479A9E-3F01-45E8-A284-7B13E433580F}.Debug|x64.ActiveCfg = Debug|iPhone
		{9A479A9E-3F01-45E8-A284-7B13E433580F}.Debug|x64.Build.0 = Debug|iPhone
		{9A479A9E-3F01-45E8-A284-7B13E433580F}.Debug|x64.Deploy.0 = Debug|iPhone
		{9A479A9E-3F01-45E8-A284-7B13E433580F}.Debug|x86.ActiveCfg = Debug|iPhone
		{9A479A9E-3F01-45E8-A284-7B13E433580F}.Debug|x86.Build.0 = Debug|iPhone
		{9A479A9E-3F01-45E8-A284-7B13E433580F}.Debug|x86.Deploy.0 = Debug|iPhone
		{9A479A9E-3F01-45E8-A284-7B13E433580F}.Release|Any CPU.ActiveCfg = Release|iPhone
		{9A479A9E-3F01-45E8-A284-7B13E433580F}.Release|Any CPU.Build.0 = Release|iPhone
		{9A479A9E-3F01-45E8-A284-7B13E433580F}.Release|Any CPU.Deploy.0 = Release|iPhone
		{9A479A9E-3F01-45E8-A284-7B13E433580F}.Release|ARM.ActiveCfg = Release|iPhone
		{9A479A9E-3F01-45E8-A284-7B13E433580F}.Release|ARM.Build.0 = Release|iPhone
		{9A479A9E-3F01-45E8-A284-7B13E433580F}.Release|ARM.Deploy.0 = Release|iPhone
		{9A479A9E-3F01-45E8-A284-7B13E433580F}.Release|iPhone.ActiveCfg = Release|iPhone
		{9A479A9E-3F01-45E8-A284-7B13E433580F}.Release|iPhone.Build.0 = Release|iPhone
		{9A479A9E-3F01-45E8-A284-7B13E433580F}.Release|iPhone.Deploy.0 = Release|iPhone
		{9A479A9E-3F01-45E8-A284-7B13E433580F}.Release|iPhoneSimulator.ActiveCfg = Release|iPhoneSimulator
		{9A479A9E-3F01-45E8-A284-7B13E433580F}.Release|iPhoneSimulator.Build.0 = Release|iPhoneSimulator
		{9A479A9E-3F01-45E8-A284-7B13E433580F}.Release|iPhoneSimulator.Deploy.0 = Release|iPhoneSimulator
		{9A479A9E-3F01-45E8-A284-7B13E433580F}.Release|x64.ActiveCfg = Release|iPhone
		{9A479A9E-3F01-45E8-A284-7B13E433580F}.Release|x64.Build.0 = Release|iPhone
		{9A479A9E-3F01-45E8-A284-7B13E433580F}.Release|x64.Deploy.0 = Release|iPhone
		{9A479A9E-3F01-45E8-A284-7B13E433580F}.Release|x86.ActiveCfg = Release|iPhone
		{9A479A9E-3F01-45E8-A284-7B13E433580F}.Release|x86.Build.0 = Release|iPhone
		{9A479A9E-3F01-45E8-A284-7B13E433580F}.Release|x86.Deploy.0 = Release|iPhone
		{2F499FB2-6A37-42B4-8822-F087CEB0DEDE}.Debug|Any CPU.ActiveCfg = Debug|Any CPU
		{2F499FB2-6A37-42B4-8822-F087CEB0DEDE}.Debug|Any CPU.Build.0 = Debug|Any CPU
		{2F499FB2-6A37-42B4-8822-F087CEB0DEDE}.Debug|Any CPU.Deploy.0 = Debug|Any CPU
		{2F499FB2-6A37-42B4-8822-F087CEB0DEDE}.Debug|ARM.ActiveCfg = Debug|Any CPU
		{2F499FB2-6A37-42B4-8822-F087CEB0DEDE}.Debug|ARM.Build.0 = Debug|Any CPU
		{2F499FB2-6A37-42B4-8822-F087CEB0DEDE}.Debug|ARM.Deploy.0 = Debug|Any CPU
		{2F499FB2-6A37-42B4-8822-F087CEB0DEDE}.Debug|iPhone.ActiveCfg = Debug|Any CPU
		{2F499FB2-6A37-42B4-8822-F087CEB0DEDE}.Debug|iPhone.Build.0 = Debug|Any CPU
		{2F499FB2-6A37-42B4-8822-F087CEB0DEDE}.Debug|iPhone.Deploy.0 = Debug|Any CPU
		{2F499FB2-6A37-42B4-8822-F087CEB0DEDE}.Debug|iPhoneSimulator.ActiveCfg = Debug|Any CPU
		{2F499FB2-6A37-42B4-8822-F087CEB0DEDE}.Debug|iPhoneSimulator.Build.0 = Debug|Any CPU
		{2F499FB2-6A37-42B4-8822-F087CEB0DEDE}.Debug|iPhoneSimulator.Deploy.0 = Debug|Any CPU
		{2F499FB2-6A37-42B4-8822-F087CEB0DEDE}.Debug|x64.ActiveCfg = Debug|Any CPU
		{2F499FB2-6A37-42B4-8822-F087CEB0DEDE}.Debug|x64.Build.0 = Debug|Any CPU
		{2F499FB2-6A37-42B4-8822-F087CEB0DEDE}.Debug|x64.Deploy.0 = Debug|Any CPU
		{2F499FB2-6A37-42B4-8822-F087CEB0DEDE}.Debug|x86.ActiveCfg = Debug|Any CPU
		{2F499FB2-6A37-42B4-8822-F087CEB0DEDE}.Debug|x86.Build.0 = Debug|Any CPU
		{2F499FB2-6A37-42B4-8822-F087CEB0DEDE}.Debug|x86.Deploy.0 = Debug|Any CPU
		{2F499FB2-6A37-42B4-8822-F087CEB0DEDE}.Release|Any CPU.ActiveCfg = Release|Any CPU
		{2F499FB2-6A37-42B4-8822-F087CEB0DEDE}.Release|Any CPU.Build.0 = Release|Any CPU
		{2F499FB2-6A37-42B4-8822-F087CEB0DEDE}.Release|Any CPU.Deploy.0 = Release|Any CPU
		{2F499FB2-6A37-42B4-8822-F087CEB0DEDE}.Release|ARM.ActiveCfg = Release|Any CPU
		{2F499FB2-6A37-42B4-8822-F087CEB0DEDE}.Release|ARM.Build.0 = Release|Any CPU
		{2F499FB2-6A37-42B4-8822-F087CEB0DEDE}.Release|ARM.Deploy.0 = Release|Any CPU
		{2F499FB2-6A37-42B4-8822-F087CEB0DEDE}.Release|iPhone.ActiveCfg = Release|Any CPU
		{2F499FB2-6A37-42B4-8822-F087CEB0DEDE}.Release|iPhone.Build.0 = Release|Any CPU
		{2F499FB2-6A37-42B4-8822-F087CEB0DEDE}.Release|iPhone.Deploy.0 = Release|Any CPU
		{2F499FB2-6A37-42B4-8822-F087CEB0DEDE}.Release|iPhoneSimulator.ActiveCfg = Release|Any CPU
		{2F499FB2-6A37-42B4-8822-F087CEB0DEDE}.Release|iPhoneSimulator.Build.0 = Release|Any CPU
		{2F499FB2-6A37-42B4-8822-F087CEB0DEDE}.Release|iPhoneSimulator.Deploy.0 = Release|Any CPU
		{2F499FB2-6A37-42B4-8822-F087CEB0DEDE}.Release|x64.ActiveCfg = Release|Any CPU
		{2F499FB2-6A37-42B4-8822-F087CEB0DEDE}.Release|x64.Build.0 = Release|Any CPU
		{2F499FB2-6A37-42B4-8822-F087CEB0DEDE}.Release|x64.Deploy.0 = Release|Any CPU
		{2F499FB2-6A37-42B4-8822-F087CEB0DEDE}.Release|x86.ActiveCfg = Release|Any CPU
		{2F499FB2-6A37-42B4-8822-F087CEB0DEDE}.Release|x86.Build.0 = Release|Any CPU
		{2F499FB2-6A37-42B4-8822-F087CEB0DEDE}.Release|x86.Deploy.0 = Release|Any CPU
	EndGlobalSection
	GlobalSection(SolutionProperties) = preSolution
		HideSolutionNode = FALSE
	EndGlobalSection
	GlobalSection(ExtensibilityGlobals) = postSolution
		SolutionGuid = {6344B173-E535-456B-ACC1-01881695052E}
	EndGlobalSection
EndGlobal
